
Microsoft Visual Studio Solution File, Format Version 11.00
# Visual C# Express 2010
Project("{FAE04EC0-301F-11D3-BF4B-00C04F79EFBC}") = "TFYAiG_analizator_var13", "TFYAiG_analizator_var13\TFYAiG_analizator_var13.csproj", "{3806C216-7884-47A4-9CCE-B92D97419BD1}"
EndProject
Global
	GlobalSection(SolutionConfigurationPlatforms) = preSolution
		Debug|x86 = Debug|x86
		Release|x86 = Release|x86
	EndGlobalSection
	GlobalSection(ProjectConfigurationPlatforms) = postSolution
		{3806C216-7884-47A4-9CCE-B92D97419BD1}.Debug|x86.ActiveCfg = Debug|x86
		{3806C216-7884-47A4-9CCE-B92D97419BD1}.Debug|x86.Build.0 = Debug|x86
		{3806C216-7884-47A4-9CCE-B92D97419BD1}.Release|x86.ActiveCfg = Release|x86
		{3806C216-7884-47A4-9CCE-B92D97419BD1}.Release|x86.Build.0 = Release|x86
	EndGlobalSection
	GlobalSection(SolutionProperties) = preSolution
		HideSolutionNode = FALSE
	EndGlobalSection
EndGlobal
